
Microsoft Visual Studio Solution File, Format Version 12.00
# Visual Studio 15
VisualStudioVersion = 15.0.28307.572
MinimumVisualStudioVersion = 10.0.40219.1
Project("{FAE04EC0-301F-11D3-BF4B-00C04F79EFBC}") = "MealPlan.Android", "MealPlan\MealPlan.Android\MealPlan.Android.csproj", "{3DD9E90A-01AC-4A65-9014-C61BE4305711}"
EndProject
Project("{FAE04EC0-301F-11D3-BF4B-00C04F79EFBC}") = "MealPlan.iOS", "MealPlan\MealPlan.iOS\MealPlan.iOS.csproj", "{991F2DB2-4112-4262-8469-7EDE949DE05C}"
EndProject
Project("{FAE04EC0-301F-11D3-BF4B-00C04F79EFBC}") = "MealPlan.UWP", "MealPlan\MealPlan.UWP\MealPlan.UWP.csproj", "{6F72917F-F4CD-411A-ABA4-51A95299C6F1}"
EndProject
Project("{FAE04EC0-301F-11D3-BF4B-00C04F79EFBC}") = "MealPlan", "MealPlan\MealPlan\MealPlan.csproj", "{44CCC642-E24F-4FF8-AB09-78160B034504}"
EndProject
Global
	GlobalSection(SolutionConfigurationPlatforms) = preSolution
		Ad-Hoc|Any CPU = Ad-Hoc|Any CPU
		Ad-Hoc|ARM = Ad-Hoc|ARM
		Ad-Hoc|iPhone = Ad-Hoc|iPhone
		Ad-Hoc|iPhoneSimulator = Ad-Hoc|iPhoneSimulator
		Ad-Hoc|x64 = Ad-Hoc|x64
		Ad-Hoc|x86 = Ad-Hoc|x86
		AppStore|Any CPU = AppStore|Any CPU
		AppStore|ARM = AppStore|ARM
		AppStore|iPhone = AppStore|iPhone
		AppStore|iPhoneSimulator = AppStore|iPhoneSimulator
		AppStore|x64 = AppStore|x64
		AppStore|x86 = AppStore|x86
		Debug|Any CPU = Debug|Any CPU
		Debug|ARM = Debug|ARM
		Debug|iPhone = Debug|iPhone
		Debug|iPhoneSimulator = Debug|iPhoneSimulator
		Debug|x64 = Debug|x64
		Debug|x86 = Debug|x86
		Release|Any CPU = Release|Any CPU
		Release|ARM = Release|ARM
		Release|iPhone = Release|iPhone
		Release|iPhoneSimulator = Release|iPhoneSimulator
		Release|x64 = Release|x64
		Release|x86 = Release|x86
	EndGlobalSection
	GlobalSection(ProjectConfigurationPlatforms) = postSolution
		{3DD9E90A-01AC-4A65-9014-C61BE4305711}.Ad-Hoc|Any CPU.ActiveCfg = Release|Any CPU
		{3DD9E90A-01AC-4A65-9014-C61BE4305711}.Ad-Hoc|Any CPU.Build.0 = Release|Any CPU
		{3DD9E90A-01AC-4A65-9014-C61BE4305711}.Ad-Hoc|Any CPU.Deploy.0 = Release|Any CPU
		{3DD9E90A-01AC-4A65-9014-C61BE4305711}.Ad-Hoc|ARM.ActiveCfg = Release|Any CPU
		{3DD9E90A-01AC-4A65-9014-C61BE4305711}.Ad-Hoc|ARM.Build.0 = Release|Any CPU
		{3DD9E90A-01AC-4A65-9014-C61BE4305711}.Ad-Hoc|ARM.Deploy.0 = Release|Any CPU
		{3DD9E90A-01AC-4A65-9014-C61BE4305711}.Ad-Hoc|iPhone.ActiveCfg = Release|Any CPU
		{3DD9E90A-01AC-4A65-9014-C61BE4305711}.Ad-Hoc|iPhone.Build.0 = Release|Any CPU
		{3DD9E90A-01AC-4A65-9014-C61BE4305711}.Ad-Hoc|iPhone.Deploy.0 = Release|Any CPU
		{3DD9E90A-01AC-4A65-9014-C61BE4305711}.Ad-Hoc|iPhoneSimulator.ActiveCfg = Release|Any CPU
		{3DD9E90A-01AC-4A65-9014-C61BE4305711}.Ad-Hoc|iPhoneSimulator.Build.0 = Release|Any CPU
		{3DD9E90A-01AC-4A65-9014-C61BE4305711}.Ad-Hoc|iPhoneSimulator.Deploy.0 = Release|Any CPU
		{3DD9E90A-01AC-4A65-9014-C61BE4305711}.Ad-Hoc|x64.ActiveCfg = Release|Any CPU
		{3DD9E90A-01AC-4A65-9014-C61BE4305711}.Ad-Hoc|x64.Build.0 = Release|Any CPU
		{3DD9E90A-01AC-4A65-9014-C61BE4305711}.Ad-Hoc|x64.Deploy.0 = Release|Any CPU
		{3DD9E90A-01AC-4A65-9014-C61BE4305711}.Ad-Hoc|x86.ActiveCfg = Release|Any CPU
		{3DD9E90A-01AC-4A65-9014-C61BE4305711}.Ad-Hoc|x86.Build.0 = Release|Any CPU
		{3DD9E90A-01AC-4A65-9014-C61BE4305711}.Ad-Hoc|x86.Deploy.0 = Release|Any CPU
		{3DD9E90A-01AC-4A65-9014-C61BE4305711}.AppStore|Any CPU.ActiveCfg = Release|Any CPU
		{3DD9E90A-01AC-4A65-9014-C61BE4305711}.AppStore|Any CPU.Build.0 = Release|Any CPU
		{3DD9E90A-01AC-4A65-9014-C61BE4305711}.AppStore|Any CPU.Deploy.0 = Release|Any CPU
		{3DD9E90A-01AC-4A65-9014-C61BE4305711}.AppStore|ARM.ActiveCfg = Release|Any CPU
		{3DD9E90A-01AC-4A65-9014-C61BE4305711}.AppStore|ARM.Build.0 = Release|Any CPU
		{3DD9E90A-01AC-4A65-9014-C61BE4305711}.AppStore|ARM.Deploy.0 = Release|Any CPU
		{3DD9E90A-01AC-4A65-9014-C61BE4305711}.AppStore|iPhone.ActiveCfg = Release|Any CPU
		{3DD9E90A-01AC-4A65-9014-C61BE4305711}.AppStore|iPhone.Build.0 = Release|Any CPU
		{3DD9E90A-01AC-4A65-9014-C61BE4305711}.AppStore|iPhone.Deploy.0 = Release|Any CPU
		{3DD9E90A-01AC-4A65-9014-C61BE4305711}.AppStore|iPhoneSimulator.ActiveCfg = Release|Any CPU
		{3DD9E90A-01AC-4A65-9014-C61BE4305711}.AppStore|iPhoneSimulator.Build.0 = Release|Any CPU
		{3DD9E90A-01AC-4A65-9014-C61BE4305711}.AppStore|iPhoneSimulator.Deploy.0 = Release|Any CPU
		{3DD9E90A-01AC-4A65-9014-C61BE4305711}.AppStore|x64.ActiveCfg = Release|Any CPU
		{3DD9E90A-01AC-4A65-9014-C61BE4305711}.AppStore|x64.Build.0 = Release|Any CPU
		{3DD9E90A-01AC-4A65-9014-C61BE4305711}.AppStore|x64.Deploy.0 = Release|Any CPU
		{3DD9E90A-01AC-4A65-9014-C61BE4305711}.AppStore|x86.ActiveCfg = Release|Any CPU
		{3DD9E90A-01AC-4A65-9014-C61BE4305711}.AppStore|x86.Build.0 = Release|Any CPU
		{3DD9E90A-01AC-4A65-9014-C61BE4305711}.AppStore|x86.Deploy.0 = Release|Any CPU
		{3DD9E90A-01AC-4A65-9014-C61BE4305711}.Debug|Any CPU.ActiveCfg = Debug|Any CPU
		{3DD9E90A-01AC-4A65-9014-C61BE4305711}.Debug|Any CPU.Build.0 = Debug|Any CPU
		{3DD9E90A-01AC-4A65-9014-C61BE4305711}.Debug|Any CPU.Deploy.0 = Debug|Any CPU
		{3DD9E90A-01AC-4A65-9014-C61BE4305711}.Debug|ARM.ActiveCfg = Debug|Any CPU
		{3DD9E90A-01AC-4A65-9014-C61BE4305711}.Debug|ARM.Build.0 = Debug|Any CPU
		{3DD9E90A-01AC-4A65-9014-C61BE4305711}.Debug|ARM.Deploy.0 = Debug|Any CPU
		{3DD9E90A-01AC-4A65-9014-C61BE4305711}.Debug|iPhone.ActiveCfg = Debug|Any CPU
		{3DD9E90A-01AC-4A65-9014-C61BE4305711}.Debug|iPhone.Build.0 = Debug|Any CPU
		{3DD9E90A-01AC-4A65-9014-C61BE4305711}.Debug|iPhone.Deploy.0 = Debug|Any CPU
		{3DD9E90A-01AC-4A65-9014-C61BE4305711}.Debug|iPhoneSimulator.ActiveCfg = Debug|Any CPU
		{3DD9E90A-01AC-4A65-9014-C61BE4305711}.Debug|iPhoneSimulator.Build.0 = Debug|Any CPU
		{3DD9E90A-01AC-4A65-9014-C61BE4305711}.Debug|iPhoneSimulator.Deploy.0 = Debug|Any CPU
		{3DD9E90A-01AC-4A65-9014-C61BE4305711}.Debug|x64.ActiveCfg = Debug|Any CPU
		{3DD9E90A-01AC-4A65-9014-C61BE4305711}.Debug|x64.Build.0 = Debug|Any CPU
		{3DD9E90A-01AC-4A65-9014-C61BE4305711}.Debug|x64.Deploy.0 = Debug|Any CPU
		{3DD9E90A-01AC-4A65-9014-C61BE4305711}.Debug|x86.ActiveCfg = Debug|Any CPU
		{3DD9E90A-01AC-4A65-9014-C61BE4305711}.Debug|x86.Build.0 = Debug|Any CPU
		{3DD9E90A-01AC-4A65-9014-C61BE4305711}.Debug|x86.Deploy.0 = Debug|Any CPU
		{3DD9E90A-01AC-4A65-9014-C61BE4305711}.Release|Any CPU.ActiveCfg = Release|Any CPU
		{3DD9E90A-01AC-4A65-9014-C61BE4305711}.Release|Any CPU.Build.0 = Release|Any CPU
		{3DD9E90A-01AC-4A65-9014-C61BE4305711}.Release|Any CPU.Deploy.0 = Release|Any CPU
		{3DD9E90A-01AC-4A65-9014-C61BE4305711}.Release|ARM.ActiveCfg = Release|Any CPU
		{3DD9E90A-01AC-4A65-9014-C61BE4305711}.Release|ARM.Build.0 = Release|Any CPU
		{3DD9E90A-01AC-4A65-9014-C61BE4305711}.Release|ARM.Deploy.0 = Release|Any CPU
		{3DD9E90A-01AC-4A65-9014-C61BE4305711}.Release|iPhone.ActiveCfg = Release|Any CPU
		{3DD9E90A-01AC-4A65-9014-C61BE4305711}.Release|iPhone.Build.0 = Release|Any CPU
		{3DD9E90A-01AC-4A65-9014-C61BE4305711}.Release|iPhone.Deploy.0 = Release|Any CPU
		{3DD9E90A-01AC-4A65-9014-C61BE4305711}.Release|iPhoneSimulator.ActiveCfg = Release|Any CPU
		{3DD9E90A-01AC-4A65-9014-C61BE4305711}.Release|iPhoneSimulator.Build.0 = Release|Any CPU
		{3DD9E90A-01AC-4A65-9014-C61BE4305711}.Release|iPhoneSimulator.Deploy.0 = Release|Any CPU
		{3DD9E90A-01AC-4A65-9014-C61BE4305711}.Release|x64.ActiveCfg = Release|Any CPU
		{3DD9E90A-01AC-4A65-9014-C61BE4305711}.Release|x64.Build.0 = Release|Any CPU
		{3DD9E90A-01AC-4A65-9014-C61BE4305711}.Release|x64.Deploy.0 = Release|Any CPU
		{3DD9E90A-01AC-4A65-9014-C61BE4305711}.Release|x86.ActiveCfg = Release|Any CPU
		{3DD9E90A-01AC-4A65-9014-C61BE4305711}.Release|x86.Build.0 = Release|Any CPU
		{3DD9E90A-01AC-4A65-9014-C61BE4305711}.Release|x86.Deploy.0 = Release|Any CPU
		{991F2DB2-4112-4262-8469-7EDE949DE05C}.Ad-Hoc|Any CPU.ActiveCfg = Ad-Hoc|iPhone
		{991F2DB2-4112-4262-8469-7EDE949DE05C}.Ad-Hoc|Any CPU.Build.0 = Ad-Hoc|iPhone
		{991F2DB2-4112-4262-8469-7EDE949DE05C}.Ad-Hoc|Any CPU.Deploy.0 = Ad-Hoc|iPhone
		{991F2DB2-4112-4262-8469-7EDE949DE05C}.Ad-Hoc|ARM.ActiveCfg = Ad-Hoc|iPhone
		{991F2DB2-4112-4262-8469-7EDE949DE05C}.Ad-Hoc|ARM.Build.0 = Ad-Hoc|iPhone
		{991F2DB2-4112-4262-8469-7EDE949DE05C}.Ad-Hoc|ARM.Deploy.0 = Ad-Hoc|iPhone
		{991F2DB2-4112-4262-8469-7EDE949DE05C}.Ad-Hoc|iPhone.ActiveCfg = Ad-Hoc|iPhone
		{991F2DB2-4112-4262-8469-7EDE949DE05C}.Ad-Hoc|iPhone.Build.0 = Ad-Hoc|iPhone
		{991F2DB2-4112-4262-8469-7EDE949DE05C}.Ad-Hoc|iPhone.Deploy.0 = Ad-Hoc|iPhone
		{991F2DB2-4112-4262-8469-7EDE949DE05C}.Ad-Hoc|iPhoneSimulator.ActiveCfg = Ad-Hoc|iPhoneSimulator
		{991F2DB2-4112-4262-8469-7EDE949DE05C}.Ad-Hoc|iPhoneSimulator.Build.0 = Ad-Hoc|iPhoneSimulator
		{991F2DB2-4112-4262-8469-7EDE949DE05C}.Ad-Hoc|iPhoneSimulator.Deploy.0 = Ad-Hoc|iPhoneSimulator
		{991F2DB2-4112-4262-8469-7EDE949DE05C}.Ad-Hoc|x64.ActiveCfg = Ad-Hoc|iPhone
		{991F2DB2-4112-4262-8469-7EDE949DE05C}.Ad-Hoc|x64.Build.0 = Ad-Hoc|iPhone
		{991F2DB2-4112-4262-8469-7EDE949DE05C}.Ad-Hoc|x64.Deploy.0 = Ad-Hoc|iPhone
		{991F2DB2-4112-4262-8469-7EDE949DE05C}.Ad-Hoc|x86.ActiveCfg = Ad-Hoc|iPhone
		{991F2DB2-4112-4262-8469-7EDE949DE05C}.Ad-Hoc|x86.Build.0 = Ad-Hoc|iPhone
		{991F2DB2-4112-4262-8469-7EDE949DE05C}.Ad-Hoc|x86.Deploy.0 = Ad-Hoc|iPhone
		{991F2DB2-4112-4262-8469-7EDE949DE05C}.AppStore|Any CPU.ActiveCfg = AppStore|iPhone
		{991F2DB2-4112-4262-8469-7EDE949DE05C}.AppStore|Any CPU.Build.0 = AppStore|iPhone
		{991F2DB2-4112-4262-8469-7EDE949DE05C}.AppStore|Any CPU.Deploy.0 = AppStore|iPhone
		{991F2DB2-4112-4262-8469-7EDE949DE05C}.AppStore|ARM.ActiveCfg = AppStore|iPhone
		{991F2DB2-4112-4262-8469-7EDE949DE05C}.AppStore|ARM.Build.0 = AppStore|iPhone
		{991F2DB2-4112-4262-8469-7EDE949DE05C}.AppStore|ARM.Deploy.0 = AppStore|iPhone
		{991F2DB2-4112-4262-8469-7EDE949DE05C}.AppStore|iPhone.ActiveCfg = AppStore|iPhone
		{991F2DB2-4112-4262-8469-7EDE949DE05C}.AppStore|iPhone.Build.0 = AppStore|iPhone
		{991F2DB2-4112-4262-8469-7EDE949DE05C}.AppStore|iPhone.Deploy.0 = AppStore|iPhone
		{991F2DB2-4112-4262-8469-7EDE949DE05C}.AppStore|iPhoneSimulator.ActiveCfg = AppStore|iPhoneSimulator
		{991F2DB2-4112-4262-8469-7EDE949DE05C}.AppStore|iPhoneSimulator.Build.0 = AppStore|iPhoneSimulator
		{991F2DB2-4112-4262-8469-7EDE949DE05C}.AppStore|iPhoneSimulator.Deploy.0 = AppStore|iPhoneSimulator
		{991F2DB2-4112-4262-8469-7EDE949DE05C}.AppStore|x64.ActiveCfg = AppStore|iPhone
		{991F2DB2-4112-4262-8469-7EDE949DE05C}.AppStore|x64.Build.0 = AppStore|iPhone
		{991F2DB2-4112-4262-8469-7EDE949DE05C}.AppStore|x64.Deploy.0 = AppStore|iPhone
		{991F2DB2-4112-4262-8469-7EDE949DE05C}.AppStore|x86.ActiveCfg = AppStore|iPhone
		{991F2DB2-4112-4262-8469-7EDE949DE05C}.AppStore|x86.Build.0 = AppStore|iPhone
		{991F2DB2-4112-4262-8469-7EDE949DE05C}.AppStore|x86.Deploy.0 = AppStore|iPhone
		{991F2DB2-4112-4262-8469-7EDE949DE05C}.Debug|Any CPU.ActiveCfg = Debug|iPhoneSimulator
		{991F2DB2-4112-4262-8469-7EDE949DE05C}.Debug|Any CPU.Build.0 = Debug|iPhoneSimulator
		{991F2DB2-4112-4262-8469-7EDE949DE05C}.Debug|Any CPU.Deploy.0 = Debug|iPhoneSimulator
		{991F2DB2-4112-4262-8469-7EDE949DE05C}.Debug|ARM.ActiveCfg = Debug|iPhone
		{991F2DB2-4112-4262-8469-7EDE949DE05C}.Debug|ARM.Build.0 = Debug|iPhone
		{991F2DB2-4112-4262-8469-7EDE949DE05C}.Debug|ARM.Deploy.0 = Debug|iPhone
		{991F2DB2-4112-4262-8469-7EDE949DE05C}.Debug|iPhone.ActiveCfg = Debug|iPhone
		{991F2DB2-4112-4262-8469-7EDE949DE05C}.Debug|iPhone.Build.0 = Debug|iPhone
		{991F2DB2-4112-4262-8469-7EDE949DE05C}.Debug|iPhone.Deploy.0 = Debug|iPhone
		{991F2DB2-4112-4262-8469-7EDE949DE05C}.Debug|iPhoneSimulator.ActiveCfg = Debug|iPhoneSimulator
		{991F2DB2-4112-4262-8469-7EDE949DE05C}.Debug|iPhoneSimulator.Build.0 = Debug|iPhoneSimulator
		{991F2DB2-4112-4262-8469-7EDE949DE05C}.Debug|iPhoneSimulator.Deploy.0 = Debug|iPhoneSimulator
		{991F2DB2-4112-4262-8469-7EDE949DE05C}.Debug|x64.ActiveCfg = Debug|iPhone
		{991F2DB2-4112-4262-8469-7EDE949DE05C}.Debug|x64.Build.0 = Debug|iPhone
		{991F2DB2-4112-4262-8469-7EDE949DE05C}.Debug|x64.Deploy.0 = Debug|iPhone
		{991F2DB2-4112-4262-8469-7EDE949DE05C}.Debug|x86.ActiveCfg = Debug|iPhone
		{991F2DB2-4112-4262-8469-7EDE949DE05C}.Debug|x86.Build.0 = Debug|iPhone
		{991F2DB2-4112-4262-8469-7EDE949DE05C}.Debug|x86.Deploy.0 = Debug|iPhone
		{991F2DB2-4112-4262-8469-7EDE949DE05C}.Release|Any CPU.ActiveCfg = Release|iPhone
		{991F2DB2-4112-4262-8469-7EDE949DE05C}.Release|Any CPU.Build.0 = Release|iPhone
		{991F2DB2-4112-4262-8469-7EDE949DE05C}.Release|Any CPU.Deploy.0 = Release|iPhone
		{991F2DB2-4112-4262-8469-7EDE949DE05C}.Release|ARM.ActiveCfg = Release|iPhone
		{991F2DB2-4112-4262-8469-7EDE949DE05C}.Release|ARM.Build.0 = Release|iPhone
		{991F2DB2-4112-4262-8469-7EDE949DE05C}.Release|ARM.Deploy.0 = Release|iPhone
		{991F2DB2-4112-4262-8469-7EDE949DE05C}.Release|iPhone.ActiveCfg = Release|iPhone
		{991F2DB2-4112-4262-8469-7EDE949DE05C}.Release|iPhone.Build.0 = Release|iPhone
		{991F2DB2-4112-4262-8469-7EDE949DE05C}.Release|iPhone.Deploy.0 = Release|iPhone
		{991F2DB2-4112-4262-8469-7EDE949DE05C}.Release|iPhoneSimulator.ActiveCfg = Release|iPhoneSimulator
		{991F2DB2-4112-4262-8469-7EDE949DE05C}.Release|iPhoneSimulator.Build.0 = Release|iPhoneSimulator
		{991F2DB2-4112-4262-8469-7EDE949DE05C}.Release|iPhoneSimulator.Deploy.0 = Release|iPhoneSimulator
		{991F2DB2-4112-4262-8469-7EDE949DE05C}.Release|x64.ActiveCfg = Release|iPhone
		{991F2DB2-4112-4262-8469-7EDE949DE05C}.Release|x64.Build.0 = Release|iPhone
		{991F2DB2-4112-4262-8469-7EDE949DE05C}.Release|x64.Deploy.0 = Release|iPhone
		{991F2DB2-4112-4262-8469-7EDE949DE05C}.Release|x86.ActiveCfg = Release|iPhone
		{991F2DB2-4112-4262-8469-7EDE949DE05C}.Release|x86.Build.0 = Release|iPhone
		{991F2DB2-4112-4262-8469-7EDE949DE05C}.Release|x86.Deploy.0 = Release|iPhone
		{6F72917F-F4CD-411A-ABA4-51A95299C6F1}.Ad-Hoc|Any CPU.ActiveCfg = Release|x86
		{6F72917F-F4CD-411A-ABA4-51A95299C6F1}.Ad-Hoc|Any CPU.Build.0 = Release|x86
		{6F72917F-F4CD-411A-ABA4-51A95299C6F1}.Ad-Hoc|Any CPU.Deploy.0 = Release|x86
		{6F72917F-F4CD-411A-ABA4-51A95299C6F1}.Ad-Hoc|ARM.ActiveCfg = Release|ARM
		{6F72917F-F4CD-411A-ABA4-51A95299C6F1}.Ad-Hoc|ARM.Build.0 = Release|ARM
		{6F72917F-F4CD-411A-ABA4-51A95299C6F1}.Ad-Hoc|ARM.Deploy.0 = Release|ARM
		{6F72917F-F4CD-411A-ABA4-51A95299C6F1}.Ad-Hoc|iPhone.ActiveCfg = Release|x86
		{6F72917F-F4CD-411A-ABA4-51A95299C6F1}.Ad-Hoc|iPhone.Build.0 = Release|x86
		{6F72917F-F4CD-411A-ABA4-51A95299C6F1}.Ad-Hoc|iPhone.Deploy.0 = Release|x86
		{6F72917F-F4CD-411A-ABA4-51A95299C6F1}.Ad-Hoc|iPhoneSimulator.ActiveCfg = Release|x86
		{6F72917F-F4CD-411A-ABA4-51A95299C6F1}.Ad-Hoc|iPhoneSimulator.Build.0 = Release|x86
		{6F72917F-F4CD-411A-ABA4-51A95299C6F1}.Ad-Hoc|iPhoneSimulator.Deploy.0 = Release|x86
		{6F72917F-F4CD-411A-ABA4-51A95299C6F1}.Ad-Hoc|x64.ActiveCfg = Release|x64
		{6F72917F-F4CD-411A-ABA4-51A95299C6F1}.Ad-Hoc|x64.Build.0 = Release|x64
		{6F72917F-F4CD-411A-ABA4-51A95299C6F1}.Ad-Hoc|x64.Deploy.0 = Release|x64
		{6F72917F-F4CD-411A-ABA4-51A95299C6F1}.Ad-Hoc|x86.ActiveCfg = Release|x86
		{6F72917F-F4CD-411A-ABA4-51A95299C6F1}.Ad-Hoc|x86.Build.0 = Release|x86
		{6F72917F-F4CD-411A-ABA4-51A95299C6F1}.Ad-Hoc|x86.Deploy.0 = Release|x86
		{6F72917F-F4CD-411A-ABA4-51A95299C6F1}.AppStore|Any CPU.ActiveCfg = Release|x86
		{6F72917F-F4CD-411A-ABA4-51A95299C6F1}.AppStore|Any CPU.Build.0 = Release|x86
		{6F72917F-F4CD-411A-ABA4-51A95299C6F1}.AppStore|Any CPU.Deploy.0 = Release|x86
		{6F72917F-F4CD-411A-ABA4-51A95299C6F1}.AppStore|ARM.ActiveCfg = Release|ARM
		{6F72917F-F4CD-411A-ABA4-51A95299C6F1}.AppStore|ARM.Build.0 = Release|ARM
		{6F72917F-F4CD-411A-ABA4-51A95299C6F1}.AppStore|ARM.Deploy.0 = Release|ARM
		{6F72917F-F4CD-411A-ABA4-51A95299C6F1}.AppStore|iPhone.ActiveCfg = Release|x86
		{6F72917F-F4CD-411A-ABA4-51A95299C6F1}.AppStore|iPhone.Build.0 = Release|x86
		{6F72917F-F4CD-411A-ABA4-51A95299C6F1}.AppStore|iPhone.Deploy.0 = Release|x86
		{6F72917F-F4CD-411A-ABA4-51A95299C6F1}.AppStore|iPhoneSimulator.ActiveCfg = Release|x86
		{6F72917F-F4CD-411A-ABA4-51A95299C6F1}.AppStore|iPhoneSimulator.Build.0 = Release|x86
		{6F72917F-F4CD-411A-ABA4-51A95299C6F1}.AppStore|iPhoneSimulator.Deploy.0 = Release|x86
		{6F72917F-F4CD-411A-ABA4-51A95299C6F1}.AppStore|x64.ActiveCfg = Release|x64
		{6F72917F-F4CD-411A-ABA4-51A95299C6F1}.AppStore|x64.Build.0 = Release|x64
		{6F72917F-F4CD-411A-ABA4-51A95299C6F1}.AppStore|x64.Deploy.0 = Release|x64
		{6F72917F-F4CD-411A-ABA4-51A95299C6F1}.AppStore|x86.ActiveCfg = Release|x86
		{6F72917F-F4CD-411A-ABA4-51A95299C6F1}.AppStore|x86.Build.0 = Release|x86
		{6F72917F-F4CD-411A-ABA4-51A95299C6F1}.AppStore|x86.Deploy.0 = Release|x86
		{6F72917F-F4CD-411A-ABA4-51A95299C6F1}.Debug|Any CPU.ActiveCfg = Debug|x86
		{6F72917F-F4CD-411A-ABA4-51A95299C6F1}.Debug|Any CPU.Build.0 = Debug|x86
		{6F72917F-F4CD-411A-ABA4-51A95299C6F1}.Debug|Any CPU.Deploy.0 = Debug|x86
		{6F72917F-F4CD-411A-ABA4-51A95299C6F1}.Debug|ARM.ActiveCfg = Debug|ARM
		{6F72917F-F4CD-411A-ABA4-51A95299C6F1}.Debug|ARM.Build.0 = Debug|ARM
		{6F72917F-F4CD-411A-ABA4-51A95299C6F1}.Debug|ARM.Deploy.0 = Debug|ARM
		{6F72917F-F4CD-411A-ABA4-51A95299C6F1}.Debug|iPhone.ActiveCfg = Debug|x86
		{6F72917F-F4CD-411A-ABA4-51A95299C6F1}.Debug|iPhone.Build.0 = Debug|x86
		{6F72917F-F4CD-411A-ABA4-51A95299C6F1}.Debug|iPhone.Deploy.0 = Debug|x86
		{6F72917F-F4CD-411A-ABA4-51A95299C6F1}.Debug|iPhoneSimulator.ActiveCfg = Debug|x86
		{6F72917F-F4CD-411A-ABA4-51A95299C6F1}.Debug|iPhoneSimulator.Build.0 = Debug|x86
		{6F72917F-F4CD-411A-ABA4-51A95299C6F1}.Debug|iPhoneSimulator.Deploy.0 = Debug|x86
		{6F72917F-F4CD-411A-ABA4-51A95299C6F1}.Debug|x64.ActiveCfg = Debug|x64
		{6F72917F-F4CD-411A-ABA4-51A95299C6F1}.Debug|x64.Build.0 = Debug|x64
		{6F72917F-F4CD-411A-ABA4-51A95299C6F1}.Debug|x64.Deploy.0 = Debug|x64
		{6F72917F-F4CD-411A-ABA4-51A95299C6F1}.Debug|x86.ActiveCfg = Debug|x86
		{6F72917F-F4CD-411A-ABA4-51A95299C6F1}.Debug|x86.Build.0 = Debug|x86
		{6F72917F-F4CD-411A-ABA4-51A95299C6F1}.Debug|x86.Deploy.0 = Debug|x86
		{6F72917F-F4CD-411A-ABA4-51A95299C6F1}.Release|Any CPU.ActiveCfg = Release|x86
		{6F72917F-F4CD-411A-ABA4-51A95299C6F1}.Release|Any CPU.Build.0 = Release|x86
		{6F72917F-F4CD-411A-ABA4-51A95299C6F1}.Release|Any CPU.Deploy.0 = Release|x86
		{6F72917F-F4CD-411A-ABA4-51A95299C6F1}.Release|ARM.ActiveCfg = Release|ARM
		{6F72917F-F4CD-411A-ABA4-51A95299C6F1}.Release|ARM.Build.0 = Release|ARM
		{6F72917F-F4CD-411A-ABA4-51A95299C6F1}.Release|ARM.Deploy.0 = Release|ARM
		{6F72917F-F4CD-411A-ABA4-51A95299C6F1}.Release|iPhone.ActiveCfg = Release|x86
		{6F72917F-F4CD-411A-ABA4-51A95299C6F1}.Release|iPhone.Build.0 = Release|x86
		{6F72917F-F4CD-411A-ABA4-51A95299C6F1}.Release|iPhone.Deploy.0 = Release|x86
		{6F72917F-F4CD-411A-ABA4-51A95299C6F1}.Release|iPhoneSimulator.ActiveCfg = Release|x86
		{6F72917F-F4CD-411A-ABA4-51A95299C6F1}.Release|iPhoneSimulator.Build.0 = Release|x86
		{6F72917F-F4CD-411A-ABA4-51A95299C6F1}.Release|iPhoneSimulator.Deploy.0 = Release|x86
		{6F72917F-F4CD-411A-ABA4-51A95299C6F1}.Release|x64.ActiveCfg = Release|x64
		{6F72917F-F4CD-411A-ABA4-51A95299C6F1}.Release|x64.Build.0 = Release|x64
		{6F72917F-F4CD-411A-ABA4-51A95299C6F1}.Release|x64.Deploy.0 = Release|x64
		{6F72917F-F4CD-411A-ABA4-51A95299C6F1}.Release|x86.ActiveCfg = Release|x86
		{6F72917F-F4CD-411A-ABA4-51A95299C6F1}.Release|x86.Build.0 = Release|x86
		{6F72917F-F4CD-411A-ABA4-51A95299C6F1}.Release|x86.Deploy.0 = Release|x86
		{44CCC642-E24F-4FF8-AB09-78160B034504}.Ad-Hoc|Any CPU.ActiveCfg = Debug|Any CPU
		{44CCC642-E24F-4FF8-AB09-78160B034504}.Ad-Hoc|Any CPU.Build.0 = Debug|Any CPU
		{44CCC642-E24F-4FF8-AB09-78160B034504}.Ad-Hoc|Any CPU.Deploy.0 = Debug|Any CPU
		{44CCC642-E24F-4FF8-AB09-78160B034504}.Ad-Hoc|ARM.ActiveCfg = Debug|Any CPU
		{44CCC642-E24F-4FF8-AB09-78160B034504}.Ad-Hoc|ARM.Build.0 = Debug|Any CPU
		{44CCC642-E24F-4FF8-AB09-78160B034504}.Ad-Hoc|ARM.Deploy.0 = Debug|Any CPU
		{44CCC642-E24F-4FF8-AB09-78160B034504}.Ad-Hoc|iPhone.ActiveCfg = Debug|Any CPU
		{44CCC642-E24F-4FF8-AB09-78160B034504}.Ad-Hoc|iPhone.Build.0 = Debug|Any CPU
		{44CCC642-E24F-4FF8-AB09-78160B034504}.Ad-Hoc|iPhone.Deploy.0 = Debug|Any CPU
		{44CCC642-E24F-4FF8-AB09-78160B034504}.Ad-Hoc|iPhoneSimulator.ActiveCfg = Debug|Any CPU
		{44CCC642-E24F-4FF8-AB09-78160B034504}.Ad-Hoc|iPhoneSimulator.Build.0 = Debug|Any CPU
		{44CCC642-E24F-4FF8-AB09-78160B034504}.Ad-Hoc|iPhoneSimulator.Deploy.0 = Debug|Any CPU
		{44CCC642-E24F-4FF8-AB09-78160B034504}.Ad-Hoc|x64.ActiveCfg = Debug|Any CPU
		{44CCC642-E24F-4FF8-AB09-78160B034504}.Ad-Hoc|x64.Build.0 = Debug|Any CPU
		{44CCC642-E24F-4FF8-AB09-78160B034504}.Ad-Hoc|x64.Deploy.0 = Debug|Any CPU
		{44CCC642-E24F-4FF8-AB09-78160B034504}.Ad-Hoc|x86.ActiveCfg = Debug|Any CPU
		{44CCC642-E24F-4FF8-AB09-78160B034504}.Ad-Hoc|x86.Build.0 = Debug|Any CPU
		{44CCC642-E24F-4FF8-AB09-78160B034504}.Ad-Hoc|x86.Deploy.0 = Debug|Any CPU
		{44CCC642-E24F-4FF8-AB09-78160B034504}.AppStore|Any CPU.ActiveCfg = Debug|Any CPU
		{44CCC642-E24F-4FF8-AB09-78160B034504}.AppStore|Any CPU.Build.0 = Debug|Any CPU
		{44CCC642-E24F-4FF8-AB09-78160B034504}.AppStore|Any CPU.Deploy.0 = Debug|Any CPU
		{44CCC642-E24F-4FF8-AB09-78160B034504}.AppStore|ARM.ActiveCfg = Debug|Any CPU
		{44CCC642-E24F-4FF8-AB09-78160B034504}.AppStore|ARM.Build.0 = Debug|Any CPU
		{44CCC642-E24F-4FF8-AB09-78160B034504}.AppStore|ARM.Deploy.0 = Debug|Any CPU
		{44CCC642-E24F-4FF8-AB09-78160B034504}.AppStore|iPhone.ActiveCfg = Debug|Any CPU
		{44CCC642-E24F-4FF8-AB09-78160B034504}.AppStore|iPhone.Build.0 = Debug|Any CPU
		{44CCC642-E24F-4FF8-AB09-78160B034504}.AppStore|iPhone.Deploy.0 = Debug|Any CPU
		{44CCC642-E24F-4FF8-AB09-78160B034504}.AppStore|iPhoneSimulator.ActiveCfg = Debug|Any CPU
		{44CCC642-E24F-4FF8-AB09-78160B034504}.AppStore|iPhoneSimulator.Build.0 = Debug|Any CPU
		{44CCC642-E24F-4FF8-AB09-78160B034504}.AppStore|iPhoneSimulator.Deploy.0 = Debug|Any CPU
		{44CCC642-E24F-4FF8-AB09-78160B034504}.AppStore|x64.ActiveCfg = Debug|Any CPU
		{44CCC642-E24F-4FF8-AB09-78160B034504}.AppStore|x64.Build.0 = Debug|Any CPU
		{44CCC642-E24F-4FF8-AB09-78160B034504}.AppStore|x64.Deploy.0 = Debug|Any CPU
		{44CCC642-E24F-4FF8-AB09-78160B034504}.AppStore|x86.ActiveCfg = Debug|Any CPU
		{44CCC642-E24F-4FF8-AB09-78160B034504}.AppStore|x86.Build.0 = Debug|Any CPU
		{44CCC642-E24F-4FF8-AB09-78160B034504}.AppStore|x86.Deploy.0 = Debug|Any CPU
		{44CCC642-E24F-4FF8-AB09-78160B034504}.Debug|Any CPU.ActiveCfg = Debug|Any CPU
		{44CCC642-E24F-4FF8-AB09-78160B034504}.Debug|Any CPU.Build.0 = Debug|Any CPU
		{44CCC642-E24F-4FF8-AB09-78160B034504}.Debug|Any CPU.Deploy.0 = Debug|Any CPU
		{44CCC642-E24F-4FF8-AB09-78160B034504}.Debug|ARM.ActiveCfg = Debug|Any CPU
		{44CCC642-E24F-4FF8-AB09-78160B034504}.Debug|ARM.Build.0 = Debug|Any CPU
		{44CCC642-E24F-4FF8-AB09-78160B034504}.Debug|ARM.Deploy.0 = Debug|Any CPU
		{44CCC642-E24F-4FF8-AB09-78160B034504}.Debug|iPhone.ActiveCfg = Debug|Any CPU
		{44CCC642-E24F-4FF8-AB09-78160B034504}.Debug|iPhone.Build.0 = Debug|Any CPU
		{44CCC642-E24F-4FF8-AB09-78160B034504}.Debug|iPhone.Deploy.0 = Debug|Any CPU
		{44CCC642-E24F-4FF8-AB09-78160B034504}.Debug|iPhoneSimulator.ActiveCfg = Debug|Any CPU
		{44CCC642-E24F-4FF8-AB09-78160B034504}.Debug|iPhoneSimulator.Build.0 = Debug|Any CPU
		{44CCC642-E24F-4FF8-AB09-78160B034504}.Debug|iPhoneSimulator.Deploy.0 = Debug|Any CPU
		{44CCC642-E24F-4FF8-AB09-78160B034504}.Debug|x64.ActiveCfg = Debug|Any CPU
		{44CCC642-E24F-4FF8-AB09-78160B034504}.Debug|x64.Build.0 = Debug|Any CPU
		{44CCC642-E24F-4FF8-AB09-78160B034504}.Debug|x64.Deploy.0 = Debug|Any CPU
		{44CCC642-E24F-4FF8-AB09-78160B034504}.Debug|x86.ActiveCfg = Debug|Any CPU
		{44CCC642-E24F-4FF8-AB09-78160B034504}.Debug|x86.Build.0 = Debug|Any CPU
		{44CCC642-E24F-4FF8-AB09-78160B034504}.Debug|x86.Deploy.0 = Debug|Any CPU
		{44CCC642-E24F-4FF8-AB09-78160B034504}.Release|Any CPU.ActiveCfg = Release|Any CPU
		{44CCC642-E24F-4FF8-AB09-78160B034504}.Release|Any CPU.Build.0 = Release|Any CPU
		{44CCC642-E24F-4FF8-AB09-78160B034504}.Release|Any CPU.Deploy.0 = Release|Any CPU
		{44CCC642-E24F-4FF8-AB09-78160B034504}.Release|ARM.ActiveCfg = Release|Any CPU
		{44CCC642-E24F-4FF8-AB09-78160B034504}.Release|ARM.Build.0 = Release|Any CPU
		{44CCC642-E24F-4FF8-AB09-78160B034504}.Release|ARM.Deploy.0 = Release|Any CPU
		{44CCC642-E24F-4FF8-AB09-78160B034504}.Release|iPhone.ActiveCfg = Release|Any CPU
		{44CCC642-E24F-4FF8-AB09-78160B034504}.Release|iPhone.Build.0 = Release|Any CPU
		{44CCC642-E24F-4FF8-AB09-78160B034504}.Release|iPhone.Deploy.0 = Release|Any CPU
		{44CCC642-E24F-4FF8-AB09-78160B034504}.Release|iPhoneSimulator.ActiveCfg = Release|Any CPU
		{44CCC642-E24F-4FF8-AB09-78160B034504}.Release|iPhoneSimulator.Build.0 = Release|Any CPU
		{44CCC642-E24F-4FF8-AB09-78160B034504}.Release|iPhoneSimulator.Deploy.0 = Release|Any CPU
		{44CCC642-E24F-4FF8-AB09-78160B034504}.Release|x64.ActiveCfg = Release|Any CPU
		{44CCC642-E24F-4FF8-AB09-78160B034504}.Release|x64.Build.0 = Release|Any CPU
		{44CCC642-E24F-4FF8-AB09-78160B034504}.Release|x64.Deploy.0 = Release|Any CPU
		{44CCC642-E24F-4FF8-AB09-78160B034504}.Release|x86.ActiveCfg = Release|Any CPU
		{44CCC642-E24F-4FF8-AB09-78160B034504}.Release|x86.Build.0 = Release|Any CPU
		{44CCC642-E24F-4FF8-AB09-78160B034504}.Release|x86.Deploy.0 = Release|Any CPU
	EndGlobalSection
	GlobalSection(SolutionProperties) = preSolution
		HideSolutionNode = FALSE
	EndGlobalSection
	GlobalSection(ExtensibilityGlobals) = postSolution
		SolutionGuid = {56957019-0DBD-4425-B99D-77B8C154B577}
	EndGlobalSection
EndGlobal
